
Microsoft Visual Studio Solution File, Format Version 12.00
# Visual Studio for Mac
Project("{FAE04EC0-301F-11D3-BF4B-00C04F79EFBC}") = "ZeroCross", "ZeroCross.csproj", "{114DCB12-DD9C-6F21-8D9B-3055F432854D}"
EndProject
Global
	GlobalSection(SolutionConfigurationPlatforms) = preSolution
		Debug|Any CPU = Debug|Any CPU
		Release|Any CPU = Release|Any CPU
	EndGlobalSection
	GlobalSection(ProjectConfigurationPlatforms) = postSolution
		{114DCB12-DD9C-6F21-8D9B-3055F432854D}.Debug|Any CPU.ActiveCfg = Debug|Any CPU
		{114DCB12-DD9C-6F21-8D9B-3055F432854D}.Debug|Any CPU.Build.0 = Debug|Any CPU
		{114DCB12-DD9C-6F21-8D9B-3055F432854D}.Release|Any CPU.ActiveCfg = Release|Any CPU
		{114DCB12-DD9C-6F21-8D9B-3055F432854D}.Release|Any CPU.Build.0 = Release|Any CPU
	EndGlobalSection
	GlobalSection(SolutionProperties) = preSolution
		HideSolutionNode = FALSE
	EndGlobalSection
EndGlobal
